
Microsoft Visual Studio Solution File, Format Version 12.00
# Visual Studio 14
VisualStudioVersion = 14.0.25420.1
MinimumVisualStudioVersion = 10.0.40219.1
Project("{FAE04EC0-301F-11D3-BF4B-00C04F79EFBC}") = "WebPoker", "WebPoker\WebPoker.csproj", "{131D643D-B8C2-4577-BBB9-E38F32D526E5}"
EndProject
Project("{FAE04EC0-301F-11D3-BF4B-00C04F79EFBC}") = "PokerLib", "PokerLib\PokerLib.csproj", "{5C203E48-24C7-40AD-8C63-D56AC592208C}"
EndProject
Global
	GlobalSection(SolutionConfigurationPlatforms) = preSolution
		Debug|Any CPU = Debug|Any CPU
		Release|Any CPU = Release|Any CPU
	EndGlobalSection
	GlobalSection(ProjectConfigurationPlatforms) = postSolution
		{131D643D-B8C2-4577-BBB9-E38F32D526E5}.Debug|Any CPU.ActiveCfg = Debug|Any CPU
		{131D643D-B8C2-4577-BBB9-E38F32D526E5}.Debug|Any CPU.Build.0 = Debug|Any CPU
		{131D643D-B8C2-4577-BBB9-E38F32D526E5}.Release|Any CPU.ActiveCfg = Release|Any CPU
		{131D643D-B8C2-4577-BBB9-E38F32D526E5}.Release|Any CPU.Build.0 = Release|Any CPU
		{5C203E48-24C7-40AD-8C63-D56AC592208C}.Debug|Any CPU.ActiveCfg = Debug|Any CPU
		{5C203E48-24C7-40AD-8C63-D56AC592208C}.Debug|Any CPU.Build.0 = Debug|Any CPU
		{5C203E48-24C7-40AD-8C63-D56AC592208C}.Release|Any CPU.ActiveCfg = Release|Any CPU
		{5C203E48-24C7-40AD-8C63-D56AC592208C}.Release|Any CPU.Build.0 = Release|Any CPU
	EndGlobalSection
	GlobalSection(SolutionProperties) = preSolution
		HideSolutionNode = FALSE
	EndGlobalSection
EndGlobal
